
Microsoft Visual Studio Solution File, Format Version 12.00
# Visual Studio Version 17
VisualStudioVersion = 17.3.32804.467
MinimumVisualStudioVersion = 10.0.40219.1
Project("{FAE04EC0-301F-11D3-BF4B-00C04F79EFBC}") = "ArtanveAzalan", "ArtanveAzalan.csproj", "{FCDDDDC1-F63E-4568-902D-39CAA9511C4E}"
EndProject
Global
	GlobalSection(SolutionConfigurationPlatforms) = preSolution
		Debug|Any CPU = Debug|Any CPU
		Release|Any CPU = Release|Any CPU
	EndGlobalSection
	GlobalSection(ProjectConfigurationPlatforms) = postSolution
		{FCDDDDC1-F63E-4568-902D-39CAA9511C4E}.Debug|Any CPU.ActiveCfg = Debug|Any CPU
		{FCDDDDC1-F63E-4568-902D-39CAA9511C4E}.Debug|Any CPU.Build.0 = Debug|Any CPU
		{FCDDDDC1-F63E-4568-902D-39CAA9511C4E}.Release|Any CPU.ActiveCfg = Release|Any CPU
		{FCDDDDC1-F63E-4568-902D-39CAA9511C4E}.Release|Any CPU.Build.0 = Release|Any CPU
	EndGlobalSection
	GlobalSection(SolutionProperties) = preSolution
		HideSolutionNode = FALSE
	EndGlobalSection
	GlobalSection(ExtensibilityGlobals) = postSolution
		SolutionGuid = {9944E0DA-4CB1-4F97-91B8-72414E9117F2}
	EndGlobalSection
EndGlobal
